
Microsoft Visual Studio Solution File, Format Version 12.00
# Visual Studio 15
VisualStudioVersion = 15.0.28307.539
MinimumVisualStudioVersion = 10.0.40219.1
Project("{9A19103F-16F7-4668-BE54-9A1E7A4F7556}") = "CatalogAPI", "CatalogAPI\CatalogAPI.csproj", "{A199694B-238E-4F3F-8725-DB304A184888}"
EndProject
Global
	GlobalSection(SolutionConfigurationPlatforms) = preSolution
		Debug|Any CPU = Debug|Any CPU
		Release|Any CPU = Release|Any CPU
	EndGlobalSection
	GlobalSection(ProjectConfigurationPlatforms) = postSolution
		{A199694B-238E-4F3F-8725-DB304A184888}.Debug|Any CPU.ActiveCfg = Debug|Any CPU
		{A199694B-238E-4F3F-8725-DB304A184888}.Debug|Any CPU.Build.0 = Debug|Any CPU
		{A199694B-238E-4F3F-8725-DB304A184888}.Release|Any CPU.ActiveCfg = Release|Any CPU
		{A199694B-238E-4F3F-8725-DB304A184888}.Release|Any CPU.Build.0 = Release|Any CPU
	EndGlobalSection
	GlobalSection(SolutionProperties) = preSolution
		HideSolutionNode = FALSE
	EndGlobalSection
	GlobalSection(ExtensibilityGlobals) = postSolution
		SolutionGuid = {03821941-8F65-4C81-A86C-46424685A272}
	EndGlobalSection
EndGlobal
